
Microsoft Visual Studio Solution File, Format Version 12.00
# Visual Studio Version 17
VisualStudioVersion = 17.5.002.0
MinimumVisualStudioVersion = 10.0.40219.1
Project("{9A19103F-16F7-4668-BE54-9A1E7A4F7556}") = "CalcProject", "CalcProject.csproj", "{FCFE252B-67E9-4F58-A5B6-A144A60E22AA}"
EndProject
Global
	GlobalSection(SolutionConfigurationPlatforms) = preSolution
		Debug|Any CPU = Debug|Any CPU
		Release|Any CPU = Release|Any CPU
	EndGlobalSection
	GlobalSection(ProjectConfigurationPlatforms) = postSolution
		{FCFE252B-67E9-4F58-A5B6-A144A60E22AA}.Debug|Any CPU.ActiveCfg = Debug|Any CPU
		{FCFE252B-67E9-4F58-A5B6-A144A60E22AA}.Debug|Any CPU.Build.0 = Debug|Any CPU
		{FCFE252B-67E9-4F58-A5B6-A144A60E22AA}.Release|Any CPU.ActiveCfg = Release|Any CPU
		{FCFE252B-67E9-4F58-A5B6-A144A60E22AA}.Release|Any CPU.Build.0 = Release|Any CPU
	EndGlobalSection
	GlobalSection(SolutionProperties) = preSolution
		HideSolutionNode = FALSE
	EndGlobalSection
	GlobalSection(ExtensibilityGlobals) = postSolution
		SolutionGuid = {60AE67E9-ABF5-4CD6-ABFB-1CF103873534}
	EndGlobalSection
EndGlobal
